
Microsoft Visual Studio Solution File, Format Version 12.00
# Visual Studio Version 17
VisualStudioVersion = 17.3.32819.101
MinimumVisualStudioVersion = 10.0.40219.1
Project("{FAE04EC0-301F-11D3-BF4B-00C04F79EFBC}") = "RecordList", "RecordList\RecordList.csproj", "{9C3822C6-9A71-4C14-A0D9-7E7C204F56C1}"
EndProject
Global
	GlobalSection(SolutionConfigurationPlatforms) = preSolution
		Debug|Any CPU = Debug|Any CPU
		Release|Any CPU = Release|Any CPU
	EndGlobalSection
	GlobalSection(ProjectConfigurationPlatforms) = postSolution
		{9C3822C6-9A71-4C14-A0D9-7E7C204F56C1}.Debug|Any CPU.ActiveCfg = Debug|Any CPU
		{9C3822C6-9A71-4C14-A0D9-7E7C204F56C1}.Debug|Any CPU.Build.0 = Debug|Any CPU
		{9C3822C6-9A71-4C14-A0D9-7E7C204F56C1}.Release|Any CPU.ActiveCfg = Release|Any CPU
		{9C3822C6-9A71-4C14-A0D9-7E7C204F56C1}.Release|Any CPU.Build.0 = Release|Any CPU
	EndGlobalSection
	GlobalSection(SolutionProperties) = preSolution
		HideSolutionNode = FALSE
	EndGlobalSection
	GlobalSection(ExtensibilityGlobals) = postSolution
		SolutionGuid = {E75CC225-F733-4F14-B428-90F56B00A5F7}
	EndGlobalSection
EndGlobal
